
Microsoft Visual Studio Solution File, Format Version 12.00
# Visual Studio Version 17
VisualStudioVersion = 17.8.34330.188
MinimumVisualStudioVersion = 10.0.40219.1
Project("{9A19103F-16F7-4668-BE54-9A1E7A4F7556}") = "_01_Intro", "_01_Intro.csproj", "{158DDC4D-D86D-4383-A7ED-5534ED8A6D3A}"
EndProject
Global
	GlobalSection(SolutionConfigurationPlatforms) = preSolution
		Debug|Any CPU = Debug|Any CPU
		Release|Any CPU = Release|Any CPU
	EndGlobalSection
	GlobalSection(ProjectConfigurationPlatforms) = postSolution
		{158DDC4D-D86D-4383-A7ED-5534ED8A6D3A}.Debug|Any CPU.ActiveCfg = Debug|Any CPU
		{158DDC4D-D86D-4383-A7ED-5534ED8A6D3A}.Debug|Any CPU.Build.0 = Debug|Any CPU
		{158DDC4D-D86D-4383-A7ED-5534ED8A6D3A}.Release|Any CPU.ActiveCfg = Release|Any CPU
		{158DDC4D-D86D-4383-A7ED-5534ED8A6D3A}.Release|Any CPU.Build.0 = Release|Any CPU
	EndGlobalSection
	GlobalSection(SolutionProperties) = preSolution
		HideSolutionNode = FALSE
	EndGlobalSection
	GlobalSection(ExtensibilityGlobals) = postSolution
		SolutionGuid = {268C5E2D-E817-41FD-AE9B-EB80B7545417}
	EndGlobalSection
EndGlobal
